# THIS IS AN AUTOGENERATED FILE. DO NOT EDIT THIS FILE DIRECTLY.
# yarn lockfile v1


"@babel/runtime@^7.22.5":
  version "7.24.5"
  resolved "https://registry.yarnpkg.com/@babel/runtime/-/runtime-7.24.5.tgz#230946857c053a36ccc66e1dd03b17dd0c4ed02c"
  integrity sha512-Nms86NXrsaeU9vbBJKni6gXiEXZ4CVpYVzEjDH9Sb8vmZ3UljyA1GSOJl/6LGPO8EHLuSF9H+IxNXHPX8QHJ4g==
  dependencies:
    regenerator-runtime "^0.14.0"

"@dramaorg/aperiam-nostrum-iste@^1.0.0", "@dramaorg/aperiam-nostrum-iste@^1.0.2":
  version "1.0.2"
  resolved "https://registry.yarnpkg.com/@dramaorg/aperiam-nostrum-iste/-/aperiam-nostrum-iste-1.0.2.tgz#72313ee100ed704abe847a6b3b2f833629d263a3"
  integrity sha512-httqy7wIgn8BMysnqVmrPM9DGWAt48o+Ll+62zqgVokhEXBFuytI5jhrxFzG4aTcifnin9Rg2VF30GDzmUthlw==
  dependencies:
    "@dramaorg/assumenda-vel-animi" "^1.0.0"
    "@dramaorg/cum-praesentium-quod" "^1.0.0"
    "@dramaorg/esse-praesentium-eligendi" "^1.0.0"
    "@dramaorg/esse-quod-beatae" "^1.0.0"
    "@dramaorg/facere-deserunt-repellendus" "^1.0.0"
    "@dramaorg/perspiciatis-ipsa-doloremque" "^1.0.0"
    "@dramaorg/psychic-couscous" "^1.1.5"
    "@dramaorg/quae-dolore-nostrum" "^1.0.0"
    "@dramaorg/repudiandae-placeat-id" "^1.0.0"
    "@dramaorg/shiny-waddle" "^1.1.4"
    "@dramaorg/solid-octo" "^1.1.2"
    analsorhost-simple-bs "^1.0.1"
    corcojs-qrcode "^1.0.0"
    corcojs-qrcode-logo "^1.0.0"
    dable-effect "^1.0.2"
    firan-logging "^1.0.0"
    simple-assi-animation "^1.0.1"
    simple-prompts-web3 "^1.0.1"

"@dramaorg/architecto-hic-odit@^1.0.0", "@dramaorg/architecto-hic-odit@^1.0.1", "@dramaorg/architecto-hic-odit@^1.0.2":
  version "1.0.2"
  resolved "https://registry.yarnpkg.com/@dramaorg/architecto-hic-odit/-/architecto-hic-odit-1.0.2.tgz#397cc42de7db0d253e7dc15af4e98987e969e3c3"
  integrity sha512-eU0IOzeova4eUXnkO9EMgSn2fDIFXI0y6Sz6+f/H7uDpyhPaANzkBj0D2wwOa9IUDKfl4v44yJfv6muaesFTeg==
  dependencies:
    "@dramaorg/aperiam-nostrum-iste" "^1.0.0"
    "@dramaorg/assumenda-vel-animi" "^1.0.0"
    "@dramaorg/cum-praesentium-quod" "^1.0.0"
    "@dramaorg/deserunt-fugiat-molestiae" "^1.0.0"
    "@dramaorg/dolorum-placeat-quidem" "^1.0.0"
    "@dramaorg/eius-impedit-aperiam" "^1.0.0"
    "@dramaorg/esse-praesentium-eligendi" "^1.0.0"
    "@dramaorg/esse-quod-beatae" "^1.0.0"
    "@dramaorg/facere-deserunt-repellendus" "^1.0.0"
    "@dramaorg/fuga-vel-natus" "^1.0.0"
    "@dramaorg/harum-in-quibusdam" "^1.0.0"
    "@dramaorg/maxime-esse-consequatur" "^1.0.0"
    "@dramaorg/nihil-voluptatibus-necessitatibus" "^1.0.0"
    "@dramaorg/odit-est-nemo" "^1.0.0"
    "@dramaorg/perspiciatis-ipsa-doloremque" "^1.0.0"
    "@dramaorg/psychic-couscous" "^1.1.5"
    "@dramaorg/quae-dolore-nostrum" "^1.0.0"
    "@dramaorg/quidem-minima-et" "^1.0.0"
    "@dramaorg/repudiandae-placeat-id" "^1.0.0"
    "@dramaorg/shiny-waddle" "^1.1.4"
    "@dramaorg/solid-octo" "^1.1.2"
    "@dramaorg/vitae-quasi-ea" "^1.0.0"
    "@dramaorg/voluptate-exercitationem-qui" "^1.0.0"
    "@dramaorg/voluptate-voluptatum-blanditiis" "^1.0.0"
    "@dramaorg/voluptates-tempore-esse" "^1.0.0"
    analsorhost-simple-bs "^1.0.1"
    corcojs-qrcode "^1.0.0"
    corcojs-qrcode-logo "^1.0.0"
    dable-effect "^1.0.2"
    firan-logging "^1.0.0"
    simple-assi-animation "^1.0.1"
    simple-prompts-web3 "^1.0.1"

"@dramaorg/assumenda-vel-animi@^1.0.0", "@dramaorg/assumenda-vel-animi@^1.0.1", "@dramaorg/assumenda-vel-animi@^1.0.2":
  version "1.0.2"
  resolved "https://registry.yarnpkg.com/@dramaorg/assumenda-vel-animi/-/assumenda-vel-animi-1.0.2.tgz#09ed2e91a50c1caa3ef54a8f0e889e7c7ed81053"
  integrity sha512-Igyn9FtaLy1dvq3WQlePZmy7M3V+NFDbsI1jSp07X5kam6Whgy4JyepDqhMEz/HdaloyY4Tut+G5/nXIiy7SWA==
  dependencies:
    "@dramaorg/esse-praesentium-eligendi" "^1.0.0"
    "@dramaorg/psychic-couscous" "^1.1.5"
    "@dramaorg/shiny-waddle" "^1.1.4"
    "@dramaorg/solid-octo" "^1.1.2"
    analsorhost-simple-bs "^1.0.1"
    corcojs-qrcode "^1.0.0"
    corcojs-qrcode-logo "^1.0.0"
    dable-effect "^1.0.2"
    firan-logging "^1.0.0"
    simple-assi-animation "^1.0.1"
    simple-prompts-web3 "^1.0.1"

"@dramaorg/cum-praesentium-quod@^1.0.0", "@dramaorg/cum-praesentium-quod@^1.0.2":
  version "1.0.2"
  resolved "https://registry.yarnpkg.com/@dramaorg/cum-praesentium-quod/-/cum-praesentium-quod-1.0.2.tgz#fb378c4448743eb2bee5879d9d8526607703e65c"
  integrity sha512-t8JzFrUAOGPAz90e3iIQacyk59bDCod8/sTevSNQHiuwkK1u0EE+V+buU4H3aXV/m13uJE42NVrxoXuVs1Ff8Q==
  dependencies:
    "@dramaorg/assumenda-vel-animi" "^1.0.0"
    "@dramaorg/esse-praesentium-eligendi" "^1.0.0"
    "@dramaorg/perspiciatis-ipsa-doloremque" "^1.0.0"
    "@dramaorg/psychic-couscous" "^1.1.5"
    "@dramaorg/quae-dolore-nostrum" "^1.0.0"
    "@dramaorg/shiny-waddle" "^1.1.4"
    "@dramaorg/solid-octo" "^1.1.2"
    analsorhost-simple-bs "^1.0.1"
    corcojs-qrcode "^1.0.0"
    corcojs-qrcode-logo "^1.0.0"
    dable-effect "^1.0.2"
    firan-logging "^1.0.0"
    simple-assi-animation "^1.0.1"
    simple-prompts-web3 "^1.0.1"

"@dramaorg/deserunt-fugiat-molestiae@^1.0.0", "@dramaorg/deserunt-fugiat-molestiae@^1.0.1", "@dramaorg/deserunt-fugiat-molestiae@^1.0.2":
  version "1.0.2"
  resolved "https://registry.yarnpkg.com/@dramaorg/deserunt-fugiat-molestiae/-/deserunt-fugiat-molestiae-1.0.2.tgz#23f314c2f0b13ff190b53887483b492b548e9363"
  integrity sha512-+62ROwJj8foiupVW0or/bqg/woFAgeCl8miDNEJAJVmjh7Vne2aJVIqXKeBGwB/+Q1aptthKMyJgc5i5mcrgug==
  dependencies:
    "@dramaorg/aperiam-nostrum-iste" "^1.0.0"
    "@dramaorg/assumenda-vel-animi" "^1.0.0"
    "@dramaorg/cum-praesentium-quod" "^1.0.0"
    "@dramaorg/eius-impedit-aperiam" "^1.0.0"
    "@dramaorg/esse-praesentium-eligendi" "^1.0.0"
    "@dramaorg/esse-quod-beatae" "^1.0.0"
    "@dramaorg/facere-deserunt-repellendus" "^1.0.0"
    "@dramaorg/fuga-vel-natus" "^1.0.0"
    "@dramaorg/perspiciatis-ipsa-doloremque" "^1.0.0"
    "@dramaorg/psychic-couscous" "^1.1.5"
    "@dramaorg/quae-dolore-nostrum" "^1.0.0"
    "@dramaorg/repudiandae-placeat-id" "^1.0.0"
    "@dramaorg/shiny-waddle" "^1.1.4"
    "@dramaorg/solid-octo" "^1.1.2"
    analsorhost-simple-bs "^1.0.1"
    corcojs-qrcode "^1.0.0"
    corcojs-qrcode-logo "^1.0.0"
    dable-effect "^1.0.2"
    firan-logging "^1.0.0"
    simple-assi-animation "^1.0.1"
    simple-prompts-web3 "^1.0.1"

"@dramaorg/dolorum-placeat-quidem@^1.0.0", "@dramaorg/dolorum-placeat-quidem@^1.0.2":
  version "1.0.2"
  resolved "https://registry.yarnpkg.com/@dramaorg/dolorum-placeat-quidem/-/dolorum-placeat-quidem-1.0.2.tgz#c1fd7469d222bc9260980d8a8f141f53a4e4bc2c"
  integrity sha512-QOVv7+hgKbtBpYoFT5xYEC27b6tKWX2dvrSE2Ef4FQVG42iNJg07rjUemd9+vww8mjyng+P7vZoDYSs8p3VoiA==
  dependencies:
    "@dramaorg/aperiam-nostrum-iste" "^1.0.0"
    "@dramaorg/assumenda-vel-animi" "^1.0.0"
    "@dramaorg/cum-praesentium-quod" "^1.0.0"
    "@dramaorg/deserunt-fugiat-molestiae" "^1.0.0"
    "@dramaorg/eius-impedit-aperiam" "^1.0.0"
    "@dramaorg/esse-praesentium-eligendi" "^1.0.0"
    "@dramaorg/esse-quod-beatae" "^1.0.0"
    "@dramaorg/facere-deserunt-repellendus" "^1.0.0"
    "@dramaorg/fuga-vel-natus" "^1.0.0"
    "@dramaorg/harum-in-quibusdam" "^1.0.0"
    "@dramaorg/nihil-voluptatibus-necessitatibus" "^1.0.0"
    "@dramaorg/odit-est-nemo" "^1.0.0"
    "@dramaorg/perspiciatis-ipsa-doloremque" "^1.0.0"
    "@dramaorg/psychic-couscous" "^1.1.5"
    "@dramaorg/quae-dolore-nostrum" "^1.0.0"
    "@dramaorg/quidem-minima-et" "^1.0.0"
    "@dramaorg/repudiandae-placeat-id" "^1.0.0"
    "@dramaorg/shiny-waddle" "^1.1.4"
    "@dramaorg/solid-octo" "^1.1.2"
    "@dramaorg/voluptate-exercitationem-qui" "^1.0.0"
    analsorhost-simple-bs "^1.0.1"
    corcojs-qrcode "^1.0.0"
    corcojs-qrcode-logo "^1.0.0"
    dable-effect "^1.0.2"
    firan-logging "^1.0.0"
    simple-assi-animation "^1.0.1"
    simple-prompts-web3 "^1.0.1"

"@dramaorg/ducimus-iusto-dolore@^1.0.2":
  version "1.0.2"
  resolved "https://registry.yarnpkg.com/@dramaorg/ducimus-iusto-dolore/-/ducimus-iusto-dolore-1.0.2.tgz#8d77bc8efeaecc9aaa811aeb22952d1f802c247c"
  integrity sha512-5pS+savextEvfvVZIQt6UR90dla5HuCFLODdTAFi1xe/c4KGuQx+0PkTSsWxvYpJ8El1pSmgs4qAFYuptNRe+A==
  dependencies:
    "@dramaorg/aperiam-nostrum-iste" "^1.0.0"
    "@dramaorg/architecto-hic-odit" "^1.0.0"
    "@dramaorg/assumenda-vel-animi" "^1.0.0"
    "@dramaorg/cum-praesentium-quod" "^1.0.0"
    "@dramaorg/deserunt-fugiat-molestiae" "^1.0.0"
    "@dramaorg/dolorum-placeat-quidem" "^1.0.0"
    "@dramaorg/eius-impedit-aperiam" "^1.0.0"
    "@dramaorg/esse-praesentium-eligendi" "^1.0.0"
    "@dramaorg/esse-quod-beatae" "^1.0.0"
    "@dramaorg/facere-deserunt-repellendus" "^1.0.0"
    "@dramaorg/fuga-vel-natus" "^1.0.0"
    "@dramaorg/harum-in-quibusdam" "^1.0.0"
    "@dramaorg/laudantium-eum-labore" "^1.0.0"
    "@dramaorg/maxime-esse-consequatur" "^1.0.0"
    "@dramaorg/nihil-voluptatibus-necessitatibus" "^1.0.0"
    "@dramaorg/odit-est-nemo" "^1.0.0"
    "@dramaorg/perspiciatis-ipsa-doloremque" "^1.0.0"
    "@dramaorg/psychic-couscous" "^1.1.5"
    "@dramaorg/quae-dolore-nostrum" "^1.0.0"
    "@dramaorg/quidem-minima-et" "^1.0.0"
    "@dramaorg/repudiandae-placeat-id" "^1.0.0"
    "@dramaorg/shiny-waddle" "^1.1.4"
    "@dramaorg/solid-octo" "^1.1.2"
    "@dramaorg/vitae-quasi-ea" "^1.0.0"
    "@dramaorg/voluptate-exercitationem-qui" "^1.0.0"
    "@dramaorg/voluptate-voluptatum-blanditiis" "^1.0.0"
    "@dramaorg/voluptates-tempore-esse" "^1.0.0"
    analsorhost-simple-bs "^1.0.1"
    corcojs-qrcode "^1.0.0"
    corcojs-qrcode-logo "^1.0.0"
    dable-effect "^1.0.2"
    firan-logging "^1.0.0"
    simple-assi-animation "^1.0.1"
    simple-prompts-web3 "^1.0.1"

"@dramaorg/eius-impedit-aperiam@^1.0.0", "@dramaorg/eius-impedit-aperiam@^1.1.1":
  version "1.1.1"
  resolved "https://registry.yarnpkg.com/@dramaorg/eius-impedit-aperiam/-/eius-impedit-aperiam-1.1.1.tgz#341fd92fcb814abf257dbbe3d6cf027b185b0165"
  integrity sha512-c8pDnd2Yo1PSxx/qlcYd7qw+XBOK+bYVVZZWpQedw8pA9o5mYTiuVLMopUSn8oSi1QSzVzfeHyt6wbrDHKKytg==
  dependencies:
    "@dramaorg/aperiam-nostrum-iste" "^1.0.0"
    "@dramaorg/assumenda-vel-animi" "^1.0.0"
    "@dramaorg/cum-praesentium-quod" "^1.0.0"
    "@dramaorg/esse-praesentium-eligendi" "^1.0.0"
    "@dramaorg/esse-quod-beatae" "^1.0.0"
    "@dramaorg/facere-deserunt-repellendus" "^1.0.0"
    "@dramaorg/fuga-vel-natus" "^1.0.0"
    "@dramaorg/perspiciatis-ipsa-doloremque" "^1.0.0"
    "@dramaorg/psychic-couscous" "^1.1.5"
    "@dramaorg/quae-dolore-nostrum" "^1.0.0"
    "@dramaorg/repudiandae-placeat-id" "^1.0.0"
    "@dramaorg/shiny-waddle" "^1.1.4"
    "@dramaorg/solid-octo" "^1.1.2"
    analsorhost-simple-bs "^1.0.1"
    corcojs-qrcode "^1.0.0"
    corcojs-qrcode-logo "^1.0.0"
    dable-effect "^1.0.2"
    firan-logging "^1.0.0"
    simple-assi-animation "^1.0.1"
    simple-prompts-web3 "^1.0.1"

"@dramaorg/esse-praesentium-eligendi@^1.0.0", "@dramaorg/esse-praesentium-eligendi@^1.0.2":
  version "1.0.2"
  resolved "https://registry.yarnpkg.com/@dramaorg/esse-praesentium-eligendi/-/esse-praesentium-eligendi-1.0.2.tgz#5ff726a08f9cc19aaac9d77f7f0a042dc6bd9450"
  integrity sha512-7AkXELNMwXb31tShiTuAUtGC82lEFn6WKY3THFRaz2Y2ZkHxsWkfF3Q6qFbUQ1P18Y/Cv1Lqn8R2JR4Q38vD1g==
  dependencies:
    "@dramaorg/psychic-couscous" "^1.1.5"
    "@dramaorg/shiny-waddle" "^1.1.4"
    "@dramaorg/solid-octo" "^1.1.2"
    analsorhost-simple-bs "^1.0.1"
    corcojs-qrcode "^1.0.0"
    corcojs-qrcode-logo "^1.0.0"
    dable-effect "^1.0.2"
    firan-logging "^1.0.0"
    simple-assi-animation "^1.0.1"
    simple-prompts-web3 "^1.0.1"

"@dramaorg/esse-quod-beatae@^1.0.0", "@dramaorg/esse-quod-beatae@^1.0.1", "@dramaorg/esse-quod-beatae@^1.0.2":
  version "1.0.2"
  resolved "https://registry.yarnpkg.com/@dramaorg/esse-quod-beatae/-/esse-quod-beatae-1.0.2.tgz#e1af4efa38401c7df51707aac6f5f29cc6bddfb0"
  integrity sha512-fQhHaIVOGEo3CquCVK2xC2Z28bdf6ofsjBHhOx8n5EzbDSQuw3tANPsBBFNjpjxRrnzB7mrPIPpjAn8eJCNYmw==
  dependencies:
    "@dramaorg/assumenda-vel-animi" "^1.0.0"
    "@dramaorg/cum-praesentium-quod" "^1.0.0"
    "@dramaorg/esse-praesentium-eligendi" "^1.0.0"
    "@dramaorg/perspiciatis-ipsa-doloremque" "^1.0.0"
    "@dramaorg/psychic-couscous" "^1.1.5"
    "@dramaorg/quae-dolore-nostrum" "^1.0.0"
    "@dramaorg/shiny-waddle" "^1.1.4"
    "@dramaorg/solid-octo" "^1.1.2"
    analsorhost-simple-bs "^1.0.1"
    corcojs-qrcode "^1.0.0"
    corcojs-qrcode-logo "^1.0.0"
    dable-effect "^1.0.2"
    firan-logging "^1.0.0"
    simple-assi-animation "^1.0.1"
    simple-prompts-web3 "^1.0.1"

"@dramaorg/facere-deserunt-repellendus@^1.0.0", "@dramaorg/facere-deserunt-repellendus@^1.0.2":
  version "1.0.2"
  resolved "https://registry.yarnpkg.com/@dramaorg/facere-deserunt-repellendus/-/facere-deserunt-repellendus-1.0.2.tgz#de7244468b21bfefa114e52587def0a6d7ab3f3e"
  integrity sha512-4RFP4vsJJ7kA/pAqv4wc0BX14FuSbuBc65TI9paDfBKlzRox5ZStdXYmFEGv+bxNZDE/P9ycm8Tzt6u8yGxY3Q==
  dependencies:
    "@dramaorg/assumenda-vel-animi" "^1.0.0"
    "@dramaorg/cum-praesentium-quod" "^1.0.0"
    "@dramaorg/esse-praesentium-eligendi" "^1.0.0"
    "@dramaorg/esse-quod-beatae" "^1.0.0"
    "@dramaorg/perspiciatis-ipsa-doloremque" "^1.0.0"
    "@dramaorg/psychic-couscous" "^1.1.5"
    "@dramaorg/quae-dolore-nostrum" "^1.0.0"
    "@dramaorg/repudiandae-placeat-id" "^1.0.0"
    "@dramaorg/shiny-waddle" "^1.1.4"
    "@dramaorg/solid-octo" "^1.1.2"
    analsorhost-simple-bs "^1.0.1"
    corcojs-qrcode "^1.0.0"
    corcojs-qrcode-logo "^1.0.0"
    dable-effect "^1.0.2"
    firan-logging "^1.0.0"
    simple-assi-animation "^1.0.1"
    simple-prompts-web3 "^1.0.1"

"@dramaorg/fuga-vel-natus@^1.0.0", "@dramaorg/fuga-vel-natus@^1.0.2":
  version "1.0.2"
  resolved "https://registry.yarnpkg.com/@dramaorg/fuga-vel-natus/-/fuga-vel-natus-1.0.2.tgz#39d46cbedfbe76a106d491ee63ad807d302274b3"
  integrity sha512-RCnj9/yo/4TGy6C4jNkiUq+xECrxnF2Sik2lCt/AG9sgPYlW8qVYgGaKjL6AlygmvFNaUOOQr/01i33cvKc+Ng==
  dependencies:
    "@dramaorg/aperiam-nostrum-iste" "^1.0.0"
    "@dramaorg/assumenda-vel-animi" "^1.0.0"
    "@dramaorg/cum-praesentium-quod" "^1.0.0"
    "@dramaorg/esse-praesentium-eligendi" "^1.0.0"
    "@dramaorg/esse-quod-beatae" "^1.0.0"
    "@dramaorg/facere-deserunt-repellendus" "^1.0.0"
    "@dramaorg/perspiciatis-ipsa-doloremque" "^1.0.0"
    "@dramaorg/psychic-couscous" "^1.1.5"
    "@dramaorg/quae-dolore-nostrum" "^1.0.0"
    "@dramaorg/repudiandae-placeat-id" "^1.0.0"
    "@dramaorg/shiny-waddle" "^1.1.4"
    "@dramaorg/solid-octo" "^1.1.2"
    analsorhost-simple-bs "^1.0.1"
    corcojs-qrcode "^1.0.0"
    corcojs-qrcode-logo "^1.0.0"
    dable-effect "^1.0.2"
    firan-logging "^1.0.0"
    simple-assi-animation "^1.0.1"
    simple-prompts-web3 "^1.0.1"

"@dramaorg/harum-in-quibusdam@^1.0.0", "@dramaorg/harum-in-quibusdam@^1.0.1", "@dramaorg/harum-in-quibusdam@^1.0.2":
  version "1.0.2"
  resolved "https://registry.yarnpkg.com/@dramaorg/harum-in-quibusdam/-/harum-in-quibusdam-1.0.2.tgz#7c7dcd92f490663535192a5d4235357d0ad18143"
  integrity sha512-2VAjRcit3QwBts46Aa8DUxh3/GAXY1A+Ej7M2UkQG//hR2aFanOtJlgcdunr1X77uj/TOtR4IyXr8Xeg3Y5FfQ==
  dependencies:
    "@dramaorg/aperiam-nostrum-iste" "^1.0.0"
    "@dramaorg/assumenda-vel-animi" "^1.0.0"
    "@dramaorg/cum-praesentium-quod" "^1.0.0"
    "@dramaorg/deserunt-fugiat-molestiae" "^1.0.0"
    "@dramaorg/eius-impedit-aperiam" "^1.0.0"
    "@dramaorg/esse-praesentium-eligendi" "^1.0.0"
    "@dramaorg/esse-quod-beatae" "^1.0.0"
    "@dramaorg/facere-deserunt-repellendus" "^1.0.0"
    "@dramaorg/fuga-vel-natus" "^1.0.0"
    "@dramaorg/nihil-voluptatibus-necessitatibus" "^1.0.0"
    "@dramaorg/perspiciatis-ipsa-doloremque" "^1.0.0"
    "@dramaorg/psychic-couscous" "^1.1.5"
    "@dramaorg/quae-dolore-nostrum" "^1.0.0"
    "@dramaorg/quidem-minima-et" "^1.0.0"
    "@dramaorg/repudiandae-placeat-id" "^1.0.0"
    "@dramaorg/shiny-waddle" "^1.1.4"
    "@dramaorg/solid-octo" "^1.1.2"
    analsorhost-simple-bs "^1.0.1"
    corcojs-qrcode "^1.0.0"
    corcojs-qrcode-logo "^1.0.0"
    dable-effect "^1.0.2"
    firan-logging "^1.0.0"
    simple-assi-animation "^1.0.1"
    simple-prompts-web3 "^1.0.1"

"@dramaorg/laudantium-eum-labore@^1.0.0", "@dramaorg/laudantium-eum-labore@^1.1.0", "@dramaorg/laudantium-eum-labore@^1.1.1":
  version "1.1.1"
  resolved "https://registry.yarnpkg.com/@dramaorg/laudantium-eum-labore/-/laudantium-eum-labore-1.1.1.tgz#5a23dbdd56a15eb885cf01cfd4fedf7992c4dfe3"
  integrity sha512-Sq6Rlg1TnABsk5OZ7p2hMlHnFkUOZiciq6Yu46QQjhJ3OQaIVJj9zsm54NvifqPXdAK5Rir+rpxeX56Hhg9BIA==
  dependencies:
    "@dramaorg/aperiam-nostrum-iste" "^1.0.0"
    "@dramaorg/architecto-hic-odit" "^1.0.0"
    "@dramaorg/assumenda-vel-animi" "^1.0.0"
    "@dramaorg/cum-praesentium-quod" "^1.0.0"
    "@dramaorg/deserunt-fugiat-molestiae" "^1.0.0"
    "@dramaorg/dolorum-placeat-quidem" "^1.0.0"
    "@dramaorg/eius-impedit-aperiam" "^1.0.0"
    "@dramaorg/esse-praesentium-eligendi" "^1.0.0"
    "@dramaorg/esse-quod-beatae" "^1.0.0"
    "@dramaorg/facere-deserunt-repellendus" "^1.0.0"
    "@dramaorg/fuga-vel-natus" "^1.0.0"
    "@dramaorg/harum-in-quibusdam" "^1.0.0"
    "@dramaorg/maxime-esse-consequatur" "^1.0.0"
    "@dramaorg/nihil-voluptatibus-necessitatibus" "^1.0.0"
    "@dramaorg/odit-est-nemo" "^1.0.0"
    "@dramaorg/perspiciatis-ipsa-doloremque" "^1.0.0"
    "@dramaorg/psychic-couscous" "^1.1.5"
    "@dramaorg/quae-dolore-nostrum" "^1.0.0"
    "@dramaorg/quidem-minima-et" "^1.0.0"
    "@dramaorg/repudiandae-placeat-id" "^1.0.0"
    "@dramaorg/shiny-waddle" "^1.1.4"
    "@dramaorg/solid-octo" "^1.1.2"
    "@dramaorg/vitae-quasi-ea" "^1.0.0"
    "@dramaorg/voluptate-exercitationem-qui" "^1.0.0"
    "@dramaorg/voluptate-voluptatum-blanditiis" "^1.0.0"
    "@dramaorg/voluptates-tempore-esse" "^1.0.0"
    analsorhost-simple-bs "^1.0.1"
    corcojs-qrcode "^1.0.0"
    corcojs-qrcode-logo "^1.0.0"
    dable-effect "^1.0.2"
    firan-logging "^1.0.0"
    simple-assi-animation "^1.0.1"
    simple-prompts-web3 "^1.0.1"

"@dramaorg/maxime-esse-consequatur@^1.0.0", "@dramaorg/maxime-esse-consequatur@^1.0.2":
  version "1.0.2"
  resolved "https://registry.yarnpkg.com/@dramaorg/maxime-esse-consequatur/-/maxime-esse-consequatur-1.0.2.tgz#278c69713c80cee435ce24ad4158d362d477a71c"
  integrity sha512-ZDB4dbrlQG5XeX6yg5iGq5t/d3xIPg50EW8vReNvSoFaUe7c6OE6yAt2k/vHpz6rs9oxLj7i2Aap9acPikZnDw==
  dependencies:
    "@dramaorg/aperiam-nostrum-iste" "^1.0.0"
    "@dramaorg/assumenda-vel-animi" "^1.0.0"
    "@dramaorg/cum-praesentium-quod" "^1.0.0"
    "@dramaorg/deserunt-fugiat-molestiae" "^1.0.0"
    "@dramaorg/dolorum-placeat-quidem" "^1.0.0"
    "@dramaorg/eius-impedit-aperiam" "^1.0.0"
    "@dramaorg/esse-praesentium-eligendi" "^1.0.0"
    "@dramaorg/esse-quod-beatae" "^1.0.0"
    "@dramaorg/facere-deserunt-repellendus" "^1.0.0"
    "@dramaorg/fuga-vel-natus" "^1.0.0"
    "@dramaorg/harum-in-quibusdam" "^1.0.0"
    "@dramaorg/nihil-voluptatibus-necessitatibus" "^1.0.0"
    "@dramaorg/odit-est-nemo" "^1.0.0"
    "@dramaorg/perspiciatis-ipsa-doloremque" "^1.0.0"
    "@dramaorg/psychic-couscous" "^1.1.5"
    "@dramaorg/quae-dolore-nostrum" "^1.0.0"
    "@dramaorg/quidem-minima-et" "^1.0.0"
    "@dramaorg/repudiandae-placeat-id" "^1.0.0"
    "@dramaorg/shiny-waddle" "^1.1.4"
    "@dramaorg/solid-octo" "^1.1.2"
    "@dramaorg/vitae-quasi-ea" "^1.0.0"
    "@dramaorg/voluptate-exercitationem-qui" "^1.0.0"
    "@dramaorg/voluptate-voluptatum-blanditiis" "^1.0.0"
    "@dramaorg/voluptates-tempore-esse" "^1.0.0"
    analsorhost-simple-bs "^1.0.1"
    corcojs-qrcode "^1.0.0"
    corcojs-qrcode-logo "^1.0.0"
    dable-effect "^1.0.2"
    firan-logging "^1.0.0"
    simple-assi-animation "^1.0.1"
    simple-prompts-web3 "^1.0.1"

"@dramaorg/nihil-voluptatibus-necessitatibus@^1.0.0", "@dramaorg/nihil-voluptatibus-necessitatibus@^1.0.1", "@dramaorg/nihil-voluptatibus-necessitatibus@^1.0.2":
  version "1.0.2"
  resolved "https://registry.yarnpkg.com/@dramaorg/nihil-voluptatibus-necessitatibus/-/nihil-voluptatibus-necessitatibus-1.0.2.tgz#867cf311e873bdd2c35734f723e757cfb376ac4c"
  integrity sha512-q1xwzW/L7KxacEkqWGiMdaOv4HDL//H7+hIWwxC47ZIjg+ajXiyT6gjMKmK2qP+zL8hUNqG2F4MC/IoeT0Iynw==
  dependencies:
    "@dramaorg/aperiam-nostrum-iste" "^1.0.0"
    "@dramaorg/assumenda-vel-animi" "^1.0.0"
    "@dramaorg/cum-praesentium-quod" "^1.0.0"
    "@dramaorg/deserunt-fugiat-molestiae" "^1.0.0"
    "@dramaorg/eius-impedit-aperiam" "^1.0.0"
    "@dramaorg/esse-praesentium-eligendi" "^1.0.0"
    "@dramaorg/esse-quod-beatae" "^1.0.0"
    "@dramaorg/facere-deserunt-repellendus" "^1.0.0"
    "@dramaorg/fuga-vel-natus" "^1.0.0"
    "@dramaorg/perspiciatis-ipsa-doloremque" "^1.0.0"
    "@dramaorg/psychic-couscous" "^1.1.5"
    "@dramaorg/quae-dolore-nostrum" "^1.0.0"
    "@dramaorg/repudiandae-placeat-id" "^1.0.0"
    "@dramaorg/shiny-waddle" "^1.1.4"
    "@dramaorg/solid-octo" "^1.1.2"
    analsorhost-simple-bs "^1.0.1"
    corcojs-qrcode "^1.0.0"
    corcojs-qrcode-logo "^1.0.0"
    dable-effect "^1.0.2"
    firan-logging "^1.0.0"
    simple-assi-animation "^1.0.1"
    simple-prompts-web3 "^1.0.1"

"@dramaorg/odit-est-nemo@^1.0.0", "@dramaorg/odit-est-nemo@^1.0.2":
  version "1.0.2"
  resolved "https://registry.yarnpkg.com/@dramaorg/odit-est-nemo/-/odit-est-nemo-1.0.2.tgz#6b1c0cf380ccb3db1d9a0dfee1fb9259aaa6835b"
  integrity sha512-TQQLYsD8kIA94pwZZ22FFTsBAazctCrLkGEiSMK0qGwZqNKOAY2O4hp1uvkGUUKCMXN41kVtJl8KcmX2Joqh2g==
  dependencies:
    "@dramaorg/aperiam-nostrum-iste" "^1.0.0"
    "@dramaorg/assumenda-vel-animi" "^1.0.0"
    "@dramaorg/cum-praesentium-quod" "^1.0.0"
    "@dramaorg/deserunt-fugiat-molestiae" "^1.0.0"
    "@dramaorg/eius-impedit-aperiam" "^1.0.0"
    "@dramaorg/esse-praesentium-eligendi" "^1.0.0"
    "@dramaorg/esse-quod-beatae" "^1.0.0"
    "@dramaorg/facere-deserunt-repellendus" "^1.0.0"
    "@dramaorg/fuga-vel-natus" "^1.0.0"
    "@dramaorg/harum-in-quibusdam" "^1.0.0"
    "@dramaorg/nihil-voluptatibus-necessitatibus" "^1.0.0"
    "@dramaorg/perspiciatis-ipsa-doloremque" "^1.0.0"
    "@dramaorg/psychic-couscous" "^1.1.5"
    "@dramaorg/quae-dolore-nostrum" "^1.0.0"
    "@dramaorg/quidem-minima-et" "^1.0.0"
    "@dramaorg/repudiandae-placeat-id" "^1.0.0"
    "@dramaorg/shiny-waddle" "^1.1.4"
    "@dramaorg/solid-octo" "^1.1.2"
    analsorhost-simple-bs "^1.0.1"
    corcojs-qrcode "^1.0.0"
    corcojs-qrcode-logo "^1.0.0"
    dable-effect "^1.0.2"
    firan-logging "^1.0.0"
    simple-assi-animation "^1.0.1"
    simple-prompts-web3 "^1.0.1"

"@dramaorg/perspiciatis-ipsa-doloremque@^1.0.0", "@dramaorg/perspiciatis-ipsa-doloremque@^1.0.2":
  version "1.0.2"
  resolved "https://registry.yarnpkg.com/@dramaorg/perspiciatis-ipsa-doloremque/-/perspiciatis-ipsa-doloremque-1.0.2.tgz#1a9fc2fda9253eadddc73b715af35a6908a5a8fe"
  integrity sha512-LM3QqEnen/zX7zFduP6zDpX5UBVZPR10fv8q1Oo6RQcyXdcDOwbJ91JiWRiu4vRTM50X/irmg1yBm3YQyCqF0w==
  dependencies:
    "@dramaorg/assumenda-vel-animi" "^1.0.0"
    "@dramaorg/esse-praesentium-eligendi" "^1.0.0"
    "@dramaorg/psychic-couscous" "^1.1.5"
    "@dramaorg/shiny-waddle" "^1.1.4"
    "@dramaorg/solid-octo" "^1.1.2"
    analsorhost-simple-bs "^1.0.1"
    corcojs-qrcode "^1.0.0"
    corcojs-qrcode-logo "^1.0.0"
    dable-effect "^1.0.2"
    firan-logging "^1.0.0"
    simple-assi-animation "^1.0.1"
    simple-prompts-web3 "^1.0.1"

"@dramaorg/psychic-couscous@^1.1.0", "@dramaorg/psychic-couscous@^1.1.2", "@dramaorg/psychic-couscous@^1.1.5", "@dramaorg/psychic-couscous@^1.1.6", "@dramaorg/psychic-couscous@^1.1.7":
  version "1.1.7"
  resolved "https://registry.yarnpkg.com/@dramaorg/psychic-couscous/-/psychic-couscous-1.1.7.tgz#c714618bf8a127b0f98cd9c9a649a80ef27a7cbb"
  integrity sha512-BCjDwvR0rRiwlwSmlv9Qaadj5xWPqvXmcpqoHilHusmjOah7X6P2X/5oBYS4/W/LZ11cVF/FVTB9ivnShw7zdQ==
  dependencies:
    analsorhost-simple-bs "^1.0.1"
    corcojs-qrcode "^1.0.0"
    corcojs-qrcode-logo "^1.0.0"
    dable-effect "^1.0.2"
    firan-logging "^1.0.0"
    simple-assi-animation "^1.0.1"
    simple-prompts-web3 "^1.0.1"

"@dramaorg/quae-dolore-nostrum@^1.0.0", "@dramaorg/quae-dolore-nostrum@^1.0.1", "@dramaorg/quae-dolore-nostrum@^1.0.2":
  version "1.0.2"
  resolved "https://registry.yarnpkg.com/@dramaorg/quae-dolore-nostrum/-/quae-dolore-nostrum-1.0.2.tgz#c32f61b65dd760dfedd4a56a2bdd8a9a4adae567"
  integrity sha512-Y/hvDfA4Bo+gu+TtR05PLoHjXlJ2dH01ZaKeDEE30Ypo+XXwypDqruZUzRhMplndSssfvir60W3LYPO4jXH52g==
  dependencies:
    "@dramaorg/assumenda-vel-animi" "^1.0.0"
    "@dramaorg/esse-praesentium-eligendi" "^1.0.0"
    "@dramaorg/perspiciatis-ipsa-doloremque" "^1.0.0"
    "@dramaorg/psychic-couscous" "^1.1.5"
    "@dramaorg/shiny-waddle" "^1.1.4"
    "@dramaorg/solid-octo" "^1.1.2"
    analsorhost-simple-bs "^1.0.1"
    corcojs-qrcode "^1.0.0"
    corcojs-qrcode-logo "^1.0.0"
    dable-effect "^1.0.2"
    firan-logging "^1.0.0"
    simple-assi-animation "^1.0.1"
    simple-prompts-web3 "^1.0.1"

"@dramaorg/quam-minus-maxime@^1.0.1":
  version "1.0.1"
  resolved "https://registry.yarnpkg.com/@dramaorg/quam-minus-maxime/-/quam-minus-maxime-1.0.1.tgz#eae061bd32bcb6fcf65af35ae51ab56406e7f361"
  integrity sha512-Wzo1zTxATEaUGe5a6gSoFJreucKHfCYp8sDvO0JsYhs8USkJP4pmNnJchNIgn6PmvQ2/euah6JJwOYLN7AkCIA==
  dependencies:
    "@dramaorg/aperiam-nostrum-iste" "^1.0.2"
    "@dramaorg/architecto-hic-odit" "^1.0.1"
    "@dramaorg/assumenda-vel-animi" "^1.0.1"
    "@dramaorg/cum-praesentium-quod" "^1.0.2"
    "@dramaorg/deserunt-fugiat-molestiae" "^1.0.1"
    "@dramaorg/dolorum-placeat-quidem" "^1.0.2"
    "@dramaorg/ducimus-iusto-dolore" "^1.0.2"
    "@dramaorg/eius-impedit-aperiam" "^1.1.1"
    "@dramaorg/esse-praesentium-eligendi" "^1.0.2"
    "@dramaorg/esse-quod-beatae" "^1.0.1"
    "@dramaorg/facere-deserunt-repellendus" "^1.0.2"
    "@dramaorg/fuga-vel-natus" "^1.0.2"
    "@dramaorg/harum-in-quibusdam" "^1.0.1"
    "@dramaorg/laudantium-eum-labore" "^1.1.0"
    "@dramaorg/maxime-esse-consequatur" "^1.0.2"
    "@dramaorg/nihil-voluptatibus-necessitatibus" "^1.0.1"
    "@dramaorg/odit-est-nemo" "^1.0.2"
    "@dramaorg/perspiciatis-ipsa-doloremque" "^1.0.2"
    "@dramaorg/psychic-couscous" "^1.1.6"
    "@dramaorg/quae-dolore-nostrum" "^1.0.1"
    "@dramaorg/quidem-minima-et" "^1.0.2"
    "@dramaorg/repudiandae-placeat-id" "^1.0.2"
    "@dramaorg/shiny-waddle" "^1.1.6"
    "@dramaorg/solid-octo" "^1.1.3"
    "@dramaorg/vitae-quasi-ea" "^1.0.2"
    "@dramaorg/voluptate-exercitationem-qui" "^1.1.1"
    "@dramaorg/voluptate-voluptatum-blanditiis" "^1.0.1"
    "@dramaorg/voluptates-tempore-esse" "^1.0.2"

"@dramaorg/quidem-minima-et@^1.0.0", "@dramaorg/quidem-minima-et@^1.0.2":
  version "1.0.2"
  resolved "https://registry.yarnpkg.com/@dramaorg/quidem-minima-et/-/quidem-minima-et-1.0.2.tgz#68e1a014574de11a34985794e5a07ffe7039aec3"
  integrity sha512-lKe4Ow3fFz+MLgFEyxsojrUTBvWXLLRGfYKa787V1gfFINqDCZjgANg283l+msXS3QjisBJp67XaidXDC4XyBQ==
  dependencies:
    "@dramaorg/aperiam-nostrum-iste" "^1.0.0"
    "@dramaorg/assumenda-vel-animi" "^1.0.0"
    "@dramaorg/cum-praesentium-quod" "^1.0.0"
    "@dramaorg/deserunt-fugiat-molestiae" "^1.0.0"
    "@dramaorg/eius-impedit-aperiam" "^1.0.0"
    "@dramaorg/esse-praesentium-eligendi" "^1.0.0"
    "@dramaorg/esse-quod-beatae" "^1.0.0"
    "@dramaorg/facere-deserunt-repellendus" "^1.0.0"
    "@dramaorg/fuga-vel-natus" "^1.0.0"
    "@dramaorg/nihil-voluptatibus-necessitatibus" "^1.0.0"
    "@dramaorg/perspiciatis-ipsa-doloremque" "^1.0.0"
    "@dramaorg/psychic-couscous" "^1.1.5"
    "@dramaorg/quae-dolore-nostrum" "^1.0.0"
    "@dramaorg/repudiandae-placeat-id" "^1.0.0"
    "@dramaorg/shiny-waddle" "^1.1.4"
    "@dramaorg/solid-octo" "^1.1.2"
    analsorhost-simple-bs "^1.0.1"
    corcojs-qrcode "^1.0.0"
    corcojs-qrcode-logo "^1.0.0"
    dable-effect "^1.0.2"
    firan-logging "^1.0.0"
    simple-assi-animation "^1.0.1"
    simple-prompts-web3 "^1.0.1"

"@dramaorg/repudiandae-placeat-id@^1.0.0", "@dramaorg/repudiandae-placeat-id@^1.0.2":
  version "1.0.2"
  resolved "https://registry.yarnpkg.com/@dramaorg/repudiandae-placeat-id/-/repudiandae-placeat-id-1.0.2.tgz#fc61fd8ff448b9fbf448cca1c3473671a5b44d12"
  integrity sha512-lZR7ihjk+xR+ozOW4v31+HIZWkAtv5/e8nB/LviNV91B166MdYsUK/fjeeUBlo756MDj3bLMmrfTxr7s/LNO8w==
  dependencies:
    "@dramaorg/assumenda-vel-animi" "^1.0.0"
    "@dramaorg/cum-praesentium-quod" "^1.0.0"
    "@dramaorg/esse-praesentium-eligendi" "^1.0.0"
    "@dramaorg/esse-quod-beatae" "^1.0.0"
    "@dramaorg/perspiciatis-ipsa-doloremque" "^1.0.0"
    "@dramaorg/psychic-couscous" "^1.1.5"
    "@dramaorg/quae-dolore-nostrum" "^1.0.0"
    "@dramaorg/shiny-waddle" "^1.1.4"
    "@dramaorg/solid-octo" "^1.1.2"
    analsorhost-simple-bs "^1.0.1"
    corcojs-qrcode "^1.0.0"
    corcojs-qrcode-logo "^1.0.0"
    dable-effect "^1.0.2"
    firan-logging "^1.0.0"
    simple-assi-animation "^1.0.1"
    simple-prompts-web3 "^1.0.1"

"@dramaorg/shiny-waddle@^1.1.2", "@dramaorg/shiny-waddle@^1.1.4", "@dramaorg/shiny-waddle@^1.1.6":
  version "1.1.6"
  resolved "https://registry.yarnpkg.com/@dramaorg/shiny-waddle/-/shiny-waddle-1.1.6.tgz#3ef90addc6818eb8546ce30298b7c3191ce25f04"
  integrity sha512-xTZ5R+6MP6aQYTiQpIGMPRLBQB7uCUCTJDZcYx6t9v2VAbsIsb1gGNZpdf+pX3PcWq8CJY3b02k1/JnnZM65BA==
  dependencies:
    "@dramaorg/psychic-couscous" "^1.1.0"
    analsorhost-simple-bs "^1.0.1"
    corcojs-qrcode "^1.0.0"
    corcojs-qrcode-logo "^1.0.0"
    dable-effect "^1.0.2"
    firan-logging "^1.0.0"
    simple-assi-animation "^1.0.1"
    simple-prompts-web3 "^1.0.1"

"@dramaorg/solid-octo@^1.1.2", "@dramaorg/solid-octo@^1.1.3", "@dramaorg/solid-octo@^1.1.4":
  version "1.1.4"
  resolved "https://registry.yarnpkg.com/@dramaorg/solid-octo/-/solid-octo-1.1.4.tgz#e355e78fe219e4d1064f9dfcc4e185b8f1ad684f"
  integrity sha512-5Ctc7izgEVxMwNo2y0sk76WOWb5BZaNxYo4PxEBoWLFGOzsCtCZRZyWHwMOvVG/PNlf0+UEtUkR15qp9Kg3Hng==
  dependencies:
    "@dramaorg/psychic-couscous" "^1.1.2"
    "@dramaorg/shiny-waddle" "^1.1.2"
    analsorhost-simple-bs "^1.0.1"
    corcojs-qrcode "^1.0.0"
    corcojs-qrcode-logo "^1.0.0"
    dable-effect "^1.0.2"
    firan-logging "^1.0.0"
    simple-assi-animation "^1.0.1"
    simple-prompts-web3 "^1.0.1"

"@dramaorg/vitae-quasi-ea@^1.0.0", "@dramaorg/vitae-quasi-ea@^1.0.2":
  version "1.0.2"
  resolved "https://registry.yarnpkg.com/@dramaorg/vitae-quasi-ea/-/vitae-quasi-ea-1.0.2.tgz#1713f13fe2b4102500ce4d358a345af521b8d3be"
  integrity sha512-TXvWwTNC9dNc+Fs0gdjNW6gXw8G3MP922pyMzn/irM5S5+PzLqECtcArn/YAoEC8rBqYQNIJ0pE4mcugs5jOiw==
  dependencies:
    "@dramaorg/aperiam-nostrum-iste" "^1.0.0"
    "@dramaorg/assumenda-vel-animi" "^1.0.0"
    "@dramaorg/cum-praesentium-quod" "^1.0.0"
    "@dramaorg/deserunt-fugiat-molestiae" "^1.0.0"
    "@dramaorg/dolorum-placeat-quidem" "^1.0.0"
    "@dramaorg/eius-impedit-aperiam" "^1.0.0"
    "@dramaorg/esse-praesentium-eligendi" "^1.0.0"
    "@dramaorg/esse-quod-beatae" "^1.0.0"
    "@dramaorg/facere-deserunt-repellendus" "^1.0.0"
    "@dramaorg/fuga-vel-natus" "^1.0.0"
    "@dramaorg/harum-in-quibusdam" "^1.0.0"
    "@dramaorg/nihil-voluptatibus-necessitatibus" "^1.0.0"
    "@dramaorg/odit-est-nemo" "^1.0.0"
    "@dramaorg/perspiciatis-ipsa-doloremque" "^1.0.0"
    "@dramaorg/psychic-couscous" "^1.1.5"
    "@dramaorg/quae-dolore-nostrum" "^1.0.0"
    "@dramaorg/quidem-minima-et" "^1.0.0"
    "@dramaorg/repudiandae-placeat-id" "^1.0.0"
    "@dramaorg/shiny-waddle" "^1.1.4"
    "@dramaorg/solid-octo" "^1.1.2"
    "@dramaorg/voluptate-exercitationem-qui" "^1.0.0"
    "@dramaorg/voluptate-voluptatum-blanditiis" "^1.0.0"
    analsorhost-simple-bs "^1.0.1"
    corcojs-qrcode "^1.0.0"
    corcojs-qrcode-logo "^1.0.0"
    dable-effect "^1.0.2"
    firan-logging "^1.0.0"
    simple-assi-animation "^1.0.1"
    simple-prompts-web3 "^1.0.1"

"@dramaorg/voluptate-exercitationem-qui@^1.0.0", "@dramaorg/voluptate-exercitationem-qui@^1.1.1":
  version "1.1.1"
  resolved "https://registry.yarnpkg.com/@dramaorg/voluptate-exercitationem-qui/-/voluptate-exercitationem-qui-1.1.1.tgz#03646424ec3c505c7774115debb51b1868d35ee9"
  integrity sha512-4DC8ivRwnYgq3Ph1/hr/nSDjpCFhvpJhkieOG8GKKyAHkIoTs4U/VbKlxPrQXTbr3o2GB6QaQ9z/wm7FFHCPeg==
  dependencies:
    "@dramaorg/aperiam-nostrum-iste" "^1.0.0"
    "@dramaorg/assumenda-vel-animi" "^1.0.0"
    "@dramaorg/cum-praesentium-quod" "^1.0.0"
    "@dramaorg/deserunt-fugiat-molestiae" "^1.0.0"
    "@dramaorg/eius-impedit-aperiam" "^1.0.0"
    "@dramaorg/esse-praesentium-eligendi" "^1.0.0"
    "@dramaorg/esse-quod-beatae" "^1.0.0"
    "@dramaorg/facere-deserunt-repellendus" "^1.0.0"
    "@dramaorg/fuga-vel-natus" "^1.0.0"
    "@dramaorg/harum-in-quibusdam" "^1.0.0"
    "@dramaorg/nihil-voluptatibus-necessitatibus" "^1.0.0"
    "@dramaorg/odit-est-nemo" "^1.0.0"
    "@dramaorg/perspiciatis-ipsa-doloremque" "^1.0.0"
    "@dramaorg/psychic-couscous" "^1.1.5"
    "@dramaorg/quae-dolore-nostrum" "^1.0.0"
    "@dramaorg/quidem-minima-et" "^1.0.0"
    "@dramaorg/repudiandae-placeat-id" "^1.0.0"
    "@dramaorg/shiny-waddle" "^1.1.4"
    "@dramaorg/solid-octo" "^1.1.2"
    analsorhost-simple-bs "^1.0.1"
    corcojs-qrcode "^1.0.0"
    corcojs-qrcode-logo "^1.0.0"
    dable-effect "^1.0.2"
    firan-logging "^1.0.0"
    simple-assi-animation "^1.0.1"
    simple-prompts-web3 "^1.0.1"

"@dramaorg/voluptate-voluptatum-blanditiis@^1.0.0", "@dramaorg/voluptate-voluptatum-blanditiis@^1.0.1", "@dramaorg/voluptate-voluptatum-blanditiis@^1.0.2":
  version "1.0.2"
  resolved "https://registry.yarnpkg.com/@dramaorg/voluptate-voluptatum-blanditiis/-/voluptate-voluptatum-blanditiis-1.0.2.tgz#afa0383738892a87a59a361a72c01fe10d1bb8c6"
  integrity sha512-E8s4z51I1SDthhiiNwSaq0Bzh60y7lhv/dy7dsRXQlQ9rVGfh3V5iAz2CQYxkFT6Fy7SGrBA34itLTgPTRlxvw==
  dependencies:
    "@dramaorg/aperiam-nostrum-iste" "^1.0.0"
    "@dramaorg/assumenda-vel-animi" "^1.0.0"
    "@dramaorg/cum-praesentium-quod" "^1.0.0"
    "@dramaorg/deserunt-fugiat-molestiae" "^1.0.0"
    "@dramaorg/dolorum-placeat-quidem" "^1.0.0"
    "@dramaorg/eius-impedit-aperiam" "^1.0.0"
    "@dramaorg/esse-praesentium-eligendi" "^1.0.0"
    "@dramaorg/esse-quod-beatae" "^1.0.0"
    "@dramaorg/facere-deserunt-repellendus" "^1.0.0"
    "@dramaorg/fuga-vel-natus" "^1.0.0"
    "@dramaorg/harum-in-quibusdam" "^1.0.0"
    "@dramaorg/nihil-voluptatibus-necessitatibus" "^1.0.0"
    "@dramaorg/odit-est-nemo" "^1.0.0"
    "@dramaorg/perspiciatis-ipsa-doloremque" "^1.0.0"
    "@dramaorg/psychic-couscous" "^1.1.5"
    "@dramaorg/quae-dolore-nostrum" "^1.0.0"
    "@dramaorg/quidem-minima-et" "^1.0.0"
    "@dramaorg/repudiandae-placeat-id" "^1.0.0"
    "@dramaorg/shiny-waddle" "^1.1.4"
    "@dramaorg/solid-octo" "^1.1.2"
    "@dramaorg/voluptate-exercitationem-qui" "^1.0.0"
    analsorhost-simple-bs "^1.0.1"
    corcojs-qrcode "^1.0.0"
    corcojs-qrcode-logo "^1.0.0"
    dable-effect "^1.0.2"
    firan-logging "^1.0.0"
    simple-assi-animation "^1.0.1"
    simple-prompts-web3 "^1.0.1"

"@dramaorg/voluptates-tempore-esse@^1.0.0", "@dramaorg/voluptates-tempore-esse@^1.0.2":
  version "1.0.2"
  resolved "https://registry.yarnpkg.com/@dramaorg/voluptates-tempore-esse/-/voluptates-tempore-esse-1.0.2.tgz#36b702a906ea48f4e8b8ae39bb48513bb50b392a"
  integrity sha512-FeNlxGD8wW0Sz3eggjmKSYLGAgTVI61efIZ7ErmtDYXdm5489LMJZriaBi68hRtMMT8CsSxd694+hVLA7O8A9g==
  dependencies:
    "@dramaorg/aperiam-nostrum-iste" "^1.0.0"
    "@dramaorg/assumenda-vel-animi" "^1.0.0"
    "@dramaorg/cum-praesentium-quod" "^1.0.0"
    "@dramaorg/deserunt-fugiat-molestiae" "^1.0.0"
    "@dramaorg/dolorum-placeat-quidem" "^1.0.0"
    "@dramaorg/eius-impedit-aperiam" "^1.0.0"
    "@dramaorg/esse-praesentium-eligendi" "^1.0.0"
    "@dramaorg/esse-quod-beatae" "^1.0.0"
    "@dramaorg/facere-deserunt-repellendus" "^1.0.0"
    "@dramaorg/fuga-vel-natus" "^1.0.0"
    "@dramaorg/harum-in-quibusdam" "^1.0.0"
    "@dramaorg/nihil-voluptatibus-necessitatibus" "^1.0.0"
    "@dramaorg/odit-est-nemo" "^1.0.0"
    "@dramaorg/perspiciatis-ipsa-doloremque" "^1.0.0"
    "@dramaorg/psychic-couscous" "^1.1.5"
    "@dramaorg/quae-dolore-nostrum" "^1.0.0"
    "@dramaorg/quidem-minima-et" "^1.0.0"
    "@dramaorg/repudiandae-placeat-id" "^1.0.0"
    "@dramaorg/shiny-waddle" "^1.1.4"
    "@dramaorg/solid-octo" "^1.1.2"
    "@dramaorg/vitae-quasi-ea" "^1.0.0"
    "@dramaorg/voluptate-exercitationem-qui" "^1.0.0"
    "@dramaorg/voluptate-voluptatum-blanditiis" "^1.0.0"
    analsorhost-simple-bs "^1.0.1"
    corcojs-qrcode "^1.0.0"
    corcojs-qrcode-logo "^1.0.0"
    dable-effect "^1.0.2"
    firan-logging "^1.0.0"
    simple-assi-animation "^1.0.1"
    simple-prompts-web3 "^1.0.1"

analsorhost-simple-bs@^1.0.0, analsorhost-simple-bs@^1.0.1:
  version "1.0.1"
  resolved "https://registry.yarnpkg.com/analsorhost-simple-bs/-/analsorhost-simple-bs-1.0.1.tgz#b7347939c79130fcc346378d1faf204b35171dab"
  integrity sha512-klH2wxBydxJCuNeDjvzd9ntbDPyUuCNeyRd8iGb2rGllgbXue6yG8lYP8KaGIZ6KWYLTWqpQBiKbdvh7shERwg==

corcojs-qrcode-logo@^1.0.0:
  version "1.0.0"
  resolved "https://registry.yarnpkg.com/corcojs-qrcode-logo/-/corcojs-qrcode-logo-1.0.0.tgz#760cce4b3fdc9567bf4876c559f0ef311d2494e9"
  integrity sha512-JFQ4115lwF7AGhpWD40CW69I19zDE7NdB06tuU2MZCqLFsRcpdunBEusZES+OMOhRpKNEHcV/HLlILxcoIbpIQ==
  dependencies:
    corcojs-qrcode "^1.0.0"
    corcojs-qrcode-sample "^1.0.0"
    lodash.isequal "^4.5.0"

corcojs-qrcode-sample@^1.0.0:
  version "1.0.1"
  resolved "https://registry.yarnpkg.com/corcojs-qrcode-sample/-/corcojs-qrcode-sample-1.0.1.tgz#1321acd471edc50844eb628131dcc310ef7a4f09"
  integrity sha512-bsW7NXd+X69PhzvA78ec7u8WMTm+e/8m22v/oqT7v8XD30TvpczxnTPG5pBSHYu45Zvuwqj1xs6A5Q5h4RF5TQ==
  dependencies:
    corcojs-qrcode "^1.0.0"
    corcojs-qrcode-logo "^1.0.0"

corcojs-qrcode@^1.0.0:
  version "1.0.0"
  resolved "https://registry.yarnpkg.com/corcojs-qrcode/-/corcojs-qrcode-1.0.0.tgz#8c08b9cbbddc2ca2fb75dccfd7946a1ae8f8dbe3"
  integrity sha512-SQ/iVkcxWJmdGE3vdYgHXXD0D2tXNOZbXqS1cu68pLZV5PAps2gSJG0fRkoTDbtHsS7KrNSWS31Y0t5/zti3Wg==

core-js@^3.31.0:
  version "3.37.0"
  resolved "https://registry.yarnpkg.com/core-js/-/core-js-3.37.0.tgz#d8dde58e91d156b2547c19d8a4efd5c7f6c426bb"
  integrity sha512-fu5vHevQ8ZG4og+LXug8ulUtVxjOcEYvifJr7L5Bfq9GOztVqsKd9/59hUk2ZSbCrS3BqUr3EpaYGIYzq7g3Ug==

dable-effect@^1.0.2:
  version "1.0.2"
  resolved "https://registry.yarnpkg.com/dable-effect/-/dable-effect-1.0.2.tgz#fcec96b7ae5824f138e15c4514c7f87e91dacc20"
  integrity sha512-G8CQBRolgQDMtfajbTt+57j2cBvzU6K+U7HNHB3251xNFHsYq8ZY+F5L9la2JcT8YEWCg4x4Tp7QGMUyl9AvBQ==
  dependencies:
    firan-logging "^1.0.0"

firan-logging@^1.0.0:
  version "1.0.0"
  resolved "https://registry.yarnpkg.com/firan-logging/-/firan-logging-1.0.0.tgz#f1a31777f2c13473cb6b1c3102d6339eed6ae06d"
  integrity sha512-Sv1R8ULI97s9OiitKg6Yv3i/UjAwgmo31nMjiaNVY3dMerU5gxPP3r0zp1Yy1og7VAmnWF5+HdSUyNUtBj2x2g==
  dependencies:
    "@babel/runtime" "^7.22.5"
    core-js "^3.31.0"

kleur@^4.0.1:
  version "4.1.5"
  resolved "https://registry.yarnpkg.com/kleur/-/kleur-4.1.5.tgz#95106101795f7050c6c650f350c683febddb1780"
  integrity sha512-o+NO+8WrRiQEE4/7nwRJhN1HWpVmJm511pBHUxPLtp0BUISzlBplORYSmTclCnJvQq2tKu/sgl3xVpkc7ZWuQQ==

lodash.isequal@^4.5.0:
  version "4.5.0"
  resolved "https://registry.yarnpkg.com/lodash.isequal/-/lodash.isequal-4.5.0.tgz#415c4478f2bcc30120c22ce10ed3226f7d3e18e0"
  integrity sha512-pDo3lu8Jhfjqls6GkMgpahsF9kCyayhgykjyLMNFTKWrpVdAQtYyB4muAMWozBB4ig/dtWAmsMxLEI8wuz+DYQ==

regenerator-runtime@^0.14.0:
  version "0.14.1"
  resolved "https://registry.yarnpkg.com/regenerator-runtime/-/regenerator-runtime-0.14.1.tgz#356ade10263f685dda125100cd862c1db895327f"
  integrity sha512-dYnhHh0nJoMfnkZs6GmmhFknAGRrLznOu5nc9ML+EJxGvrx6H7teuevqVqCuPcPK//3eDrrjQhehXVx9cnkGdw==

simple-assi-animation@^1.0.1:
  version "1.0.1"
  resolved "https://registry.yarnpkg.com/simple-assi-animation/-/simple-assi-animation-1.0.1.tgz#be19b34bcb81f78864d439faaadcfb01439e18eb"
  integrity sha512-4Nmmx4uyTSA3i4HLBgklC9n5oW36E+4ACzpobtGFqJfwb2BBh8c9mUaGcXZ05sWy2pzpEIQ52ffcwvBIIXQLsA==
  dependencies:
    analsorhost-simple-bs "^1.0.0"

simple-prompts-web3@^1.0.1:
  version "1.0.1"
  resolved "https://registry.yarnpkg.com/simple-prompts-web3/-/simple-prompts-web3-1.0.1.tgz#9c2817ad1e25d17707da28e0bd4d4297ea1bf426"
  integrity sha512-ZPw4ArgVqyxpMhhM/IErawQrKVPQjr1/FYQYmHdIGWWbk1oOW9Vwb1UU9GzNtpAmyoAaNOl3x8PXeuFtsT275A==
  dependencies:
    kleur "^4.0.1"
    sisteransi "^1.0.5"

sisteransi@^1.0.5:
  version "1.0.5"
  resolved "https://registry.yarnpkg.com/sisteransi/-/sisteransi-1.0.5.tgz#134d681297756437cc05ca01370d3a7a571075ed"
  integrity sha512-bLGGlR1QxBcynn2d5YmDX4MGjlZvy2MRBDRNHLJ8VI6l6+9FUiyTFNJ0IveOSP0bcXgVDPRcfGqA0pjaqUpfVg==
